
Microsoft Visual Studio Solution File, Format Version 12.00
# Visual Studio 2012
Project("{FAE04EC0-301F-11D3-BF4B-00C04F79EFBC}") = "Mu.Core", "Mu.Core\Mu.Core.csproj", "{A7FCBBA8-C810-43FD-AAFB-9A62250E85EF}"
EndProject
Project("{FAE04EC0-301F-11D3-BF4B-00C04F79EFBC}") = "Mu.GoodManga", "Mu.GoodManga\Mu.GoodManga.csproj", "{315BF503-7FBF-4EDD-B892-30922F6868AA}"
EndProject
Project("{FAE04EC0-301F-11D3-BF4B-00C04F79EFBC}") = "Mu.Tests", "Mu.Tests\Mu.Tests.csproj", "{EC3A242B-5AE3-43B2-954B-163F60D54EA7}"
EndProject
Project("{FAE04EC0-301F-11D3-BF4B-00C04F79EFBC}") = "Mu.Client.Wpf.Infrastructure", "Mu.Client.Wpf.Infrastructure\Mu.Client.Wpf.Infrastructure.csproj", "{6402C917-DB32-45B9-AE5D-52186CACEF9C}"
EndProject
Project("{FAE04EC0-301F-11D3-BF4B-00C04F79EFBC}") = "Mu.Client.Infrastructure", "Mu.Client.Infrastructure\Mu.Client.Infrastructure.csproj", "{1F81A7AA-BEAF-47B4-9416-7814F1EBFE08}"
EndProject
Project("{2150E333-8FDC-42A3-9474-1A3956D46DE8}") = "Modules", "Modules", "{9E21CE56-01FE-42FA-BF60-939FBC0FD8BD}"
EndProject
Project("{2150E333-8FDC-42A3-9474-1A3956D46DE8}") = "UI", "UI", "{18DFB1C6-7A06-4649-A63F-6807CBED50BB}"
EndProject
Project("{2150E333-8FDC-42A3-9474-1A3956D46DE8}") = "Wpf", "Wpf", "{8ECBCF3B-EAB7-4E2C-BB30-104AB10A7109}"
EndProject
Project("{FAE04EC0-301F-11D3-BF4B-00C04F79EFBC}") = "Mu.Alarms", "Mu.Alarms\Mu.Alarms.csproj", "{0ABD300F-2055-4F29-B5C7-7FBA0DDA1E09}"
EndProject
Project("{FAE04EC0-301F-11D3-BF4B-00C04F79EFBC}") = "Mu.Alarms.Ui.Wpf", "Mu.Alarms.Ui.Wpf\Mu.Alarms.Ui.Wpf.csproj", "{1F1951E5-D1C0-4B97-9A7C-7A05B64D7BD3}"
EndProject
Project("{FAE04EC0-301F-11D3-BF4B-00C04F79EFBC}") = "MangaSharp", "MangaSharp\MangaSharp.csproj", "{AE3972A9-098E-4877-9581-DE52CFBB271D}"
EndProject
Project("{2150E333-8FDC-42A3-9474-1A3956D46DE8}") = "Common", "Common", "{74193D5C-35B4-4A68-97F2-65F15AE9C737}"
EndProject
Project("{FAE04EC0-301F-11D3-BF4B-00C04F79EFBC}") = "Mu.Main", "Mu.Main\Mu.Main.csproj", "{2C19DF40-6A14-43B6-BCD5-8824FB7B235F}"
EndProject
Project("{FAE04EC0-301F-11D3-BF4B-00C04F79EFBC}") = "Mu.Main.Ui.Wpf", "Mu.Main.Ui.Wpf\Mu.Main.Ui.Wpf.csproj", "{0DF90CC3-FAC5-4109-90DE-6A85A1B2AC78}"
EndProject
Project("{FAE04EC0-301F-11D3-BF4B-00C04F79EFBC}") = "Mu.GoodManga.Ui.Wpf", "Mu.GoodManga.Ui.Wpf\Mu.GoodManga.Ui.Wpf.csproj", "{630A2DA7-EBBC-4CDA-861C-C572BA3C373A}"
EndProject
Global
	GlobalSection(SolutionConfigurationPlatforms) = preSolution
		Debug|Any CPU = Debug|Any CPU
		Release|Any CPU = Release|Any CPU
	EndGlobalSection
	GlobalSection(ProjectConfigurationPlatforms) = postSolution
		{A7FCBBA8-C810-43FD-AAFB-9A62250E85EF}.Debug|Any CPU.ActiveCfg = Debug|Any CPU
		{A7FCBBA8-C810-43FD-AAFB-9A62250E85EF}.Debug|Any CPU.Build.0 = Debug|Any CPU
		{A7FCBBA8-C810-43FD-AAFB-9A62250E85EF}.Release|Any CPU.ActiveCfg = Release|Any CPU
		{A7FCBBA8-C810-43FD-AAFB-9A62250E85EF}.Release|Any CPU.Build.0 = Release|Any CPU
		{315BF503-7FBF-4EDD-B892-30922F6868AA}.Debug|Any CPU.ActiveCfg = Debug|Any CPU
		{315BF503-7FBF-4EDD-B892-30922F6868AA}.Debug|Any CPU.Build.0 = Debug|Any CPU
		{315BF503-7FBF-4EDD-B892-30922F6868AA}.Release|Any CPU.ActiveCfg = Release|Any CPU
		{315BF503-7FBF-4EDD-B892-30922F6868AA}.Release|Any CPU.Build.0 = Release|Any CPU
		{EC3A242B-5AE3-43B2-954B-163F60D54EA7}.Debug|Any CPU.ActiveCfg = Debug|Any CPU
		{EC3A242B-5AE3-43B2-954B-163F60D54EA7}.Debug|Any CPU.Build.0 = Debug|Any CPU
		{EC3A242B-5AE3-43B2-954B-163F60D54EA7}.Release|Any CPU.ActiveCfg = Release|Any CPU
		{EC3A242B-5AE3-43B2-954B-163F60D54EA7}.Release|Any CPU.Build.0 = Release|Any CPU
		{6402C917-DB32-45B9-AE5D-52186CACEF9C}.Debug|Any CPU.ActiveCfg = Debug|Any CPU
		{6402C917-DB32-45B9-AE5D-52186CACEF9C}.Debug|Any CPU.Build.0 = Debug|Any CPU
		{6402C917-DB32-45B9-AE5D-52186CACEF9C}.Release|Any CPU.ActiveCfg = Release|Any CPU
		{6402C917-DB32-45B9-AE5D-52186CACEF9C}.Release|Any CPU.Build.0 = Release|Any CPU
		{1F81A7AA-BEAF-47B4-9416-7814F1EBFE08}.Debug|Any CPU.ActiveCfg = Debug|Any CPU
		{1F81A7AA-BEAF-47B4-9416-7814F1EBFE08}.Debug|Any CPU.Build.0 = Debug|Any CPU
		{1F81A7AA-BEAF-47B4-9416-7814F1EBFE08}.Release|Any CPU.ActiveCfg = Release|Any CPU
		{1F81A7AA-BEAF-47B4-9416-7814F1EBFE08}.Release|Any CPU.Build.0 = Release|Any CPU
		{0ABD300F-2055-4F29-B5C7-7FBA0DDA1E09}.Debug|Any CPU.ActiveCfg = Debug|Any CPU
		{0ABD300F-2055-4F29-B5C7-7FBA0DDA1E09}.Debug|Any CPU.Build.0 = Debug|Any CPU
		{0ABD300F-2055-4F29-B5C7-7FBA0DDA1E09}.Release|Any CPU.ActiveCfg = Release|Any CPU
		{0ABD300F-2055-4F29-B5C7-7FBA0DDA1E09}.Release|Any CPU.Build.0 = Release|Any CPU
		{1F1951E5-D1C0-4B97-9A7C-7A05B64D7BD3}.Debug|Any CPU.ActiveCfg = Debug|Any CPU
		{1F1951E5-D1C0-4B97-9A7C-7A05B64D7BD3}.Debug|Any CPU.Build.0 = Debug|Any CPU
		{1F1951E5-D1C0-4B97-9A7C-7A05B64D7BD3}.Release|Any CPU.ActiveCfg = Release|Any CPU
		{1F1951E5-D1C0-4B97-9A7C-7A05B64D7BD3}.Release|Any CPU.Build.0 = Release|Any CPU
		{AE3972A9-098E-4877-9581-DE52CFBB271D}.Debug|Any CPU.ActiveCfg = Debug|Any CPU
		{AE3972A9-098E-4877-9581-DE52CFBB271D}.Debug|Any CPU.Build.0 = Debug|Any CPU
		{AE3972A9-098E-4877-9581-DE52CFBB271D}.Release|Any CPU.ActiveCfg = Release|Any CPU
		{AE3972A9-098E-4877-9581-DE52CFBB271D}.Release|Any CPU.Build.0 = Release|Any CPU
		{2C19DF40-6A14-43B6-BCD5-8824FB7B235F}.Debug|Any CPU.ActiveCfg = Debug|Any CPU
		{2C19DF40-6A14-43B6-BCD5-8824FB7B235F}.Debug|Any CPU.Build.0 = Debug|Any CPU
		{2C19DF40-6A14-43B6-BCD5-8824FB7B235F}.Release|Any CPU.ActiveCfg = Release|Any CPU
		{2C19DF40-6A14-43B6-BCD5-8824FB7B235F}.Release|Any CPU.Build.0 = Release|Any CPU
		{0DF90CC3-FAC5-4109-90DE-6A85A1B2AC78}.Debug|Any CPU.ActiveCfg = Debug|Any CPU
		{0DF90CC3-FAC5-4109-90DE-6A85A1B2AC78}.Debug|Any CPU.Build.0 = Debug|Any CPU
		{0DF90CC3-FAC5-4109-90DE-6A85A1B2AC78}.Release|Any CPU.ActiveCfg = Release|Any CPU
		{0DF90CC3-FAC5-4109-90DE-6A85A1B2AC78}.Release|Any CPU.Build.0 = Release|Any CPU
		{630A2DA7-EBBC-4CDA-861C-C572BA3C373A}.Debug|Any CPU.ActiveCfg = Debug|Any CPU
		{630A2DA7-EBBC-4CDA-861C-C572BA3C373A}.Debug|Any CPU.Build.0 = Debug|Any CPU
		{630A2DA7-EBBC-4CDA-861C-C572BA3C373A}.Release|Any CPU.ActiveCfg = Release|Any CPU
		{630A2DA7-EBBC-4CDA-861C-C572BA3C373A}.Release|Any CPU.Build.0 = Release|Any CPU
	EndGlobalSection
	GlobalSection(SolutionProperties) = preSolution
		HideSolutionNode = FALSE
	EndGlobalSection
	GlobalSection(NestedProjects) = preSolution
		{315BF503-7FBF-4EDD-B892-30922F6868AA} = {9E21CE56-01FE-42FA-BF60-939FBC0FD8BD}
		{18DFB1C6-7A06-4649-A63F-6807CBED50BB} = {9E21CE56-01FE-42FA-BF60-939FBC0FD8BD}
		{0ABD300F-2055-4F29-B5C7-7FBA0DDA1E09} = {9E21CE56-01FE-42FA-BF60-939FBC0FD8BD}
		{2C19DF40-6A14-43B6-BCD5-8824FB7B235F} = {9E21CE56-01FE-42FA-BF60-939FBC0FD8BD}
		{8ECBCF3B-EAB7-4E2C-BB30-104AB10A7109} = {18DFB1C6-7A06-4649-A63F-6807CBED50BB}
		{1F1951E5-D1C0-4B97-9A7C-7A05B64D7BD3} = {8ECBCF3B-EAB7-4E2C-BB30-104AB10A7109}
		{0DF90CC3-FAC5-4109-90DE-6A85A1B2AC78} = {8ECBCF3B-EAB7-4E2C-BB30-104AB10A7109}
		{630A2DA7-EBBC-4CDA-861C-C572BA3C373A} = {8ECBCF3B-EAB7-4E2C-BB30-104AB10A7109}
	EndGlobalSection
EndGlobal
